
Microsoft Visual Studio Solution File, Format Version 11.00
# Visual Studio 2010
Project("{FAE04EC0-301F-11D3-BF4B-00C04F79EFBC}") = "FogLampz", "FogLampz\FogLampz.csproj", "{B02DD64B-E35F-47ED-AB64-89C640CEF087}"
EndProject
Project("{FAE04EC0-301F-11D3-BF4B-00C04F79EFBC}") = "Sample", "Sample\Sample.csproj", "{17E2678E-269E-4583-9CF9-92CF6709A14A}"
EndProject
Global
	GlobalSection(SolutionConfigurationPlatforms) = preSolution
		Debug|Any CPU = Debug|Any CPU
		Debug|Mixed Platforms = Debug|Mixed Platforms
		Debug|x86 = Debug|x86
		Release|Any CPU = Release|Any CPU
		Release|Mixed Platforms = Release|Mixed Platforms
		Release|x86 = Release|x86
	EndGlobalSection
	GlobalSection(ProjectConfigurationPlatforms) = postSolution
		{B02DD64B-E35F-47ED-AB64-89C640CEF087}.Debug|Any CPU.ActiveCfg = Debug|Any CPU
		{B02DD64B-E35F-47ED-AB64-89C640CEF087}.Debug|Any CPU.Build.0 = Debug|Any CPU
		{B02DD64B-E35F-47ED-AB64-89C640CEF087}.Debug|Mixed Platforms.ActiveCfg = Debug|Any CPU
		{B02DD64B-E35F-47ED-AB64-89C640CEF087}.Debug|Mixed Platforms.Build.0 = Debug|Any CPU
		{B02DD64B-E35F-47ED-AB64-89C640CEF087}.Debug|x86.ActiveCfg = Debug|Any CPU
		{B02DD64B-E35F-47ED-AB64-89C640CEF087}.Release|Any CPU.ActiveCfg = Release|Any CPU
		{B02DD64B-E35F-47ED-AB64-89C640CEF087}.Release|Any CPU.Build.0 = Release|Any CPU
		{B02DD64B-E35F-47ED-AB64-89C640CEF087}.Release|Mixed Platforms.ActiveCfg = Release|Any CPU
		{B02DD64B-E35F-47ED-AB64-89C640CEF087}.Release|Mixed Platforms.Build.0 = Release|Any CPU
		{B02DD64B-E35F-47ED-AB64-89C640CEF087}.Release|x86.ActiveCfg = Release|Any CPU
		{17E2678E-269E-4583-9CF9-92CF6709A14A}.Debug|Any CPU.ActiveCfg = Debug|x86
		{17E2678E-269E-4583-9CF9-92CF6709A14A}.Debug|Mixed Platforms.ActiveCfg = Debug|x86
		{17E2678E-269E-4583-9CF9-92CF6709A14A}.Debug|Mixed Platforms.Build.0 = Debug|x86
		{17E2678E-269E-4583-9CF9-92CF6709A14A}.Debug|x86.ActiveCfg = Debug|x86
		{17E2678E-269E-4583-9CF9-92CF6709A14A}.Debug|x86.Build.0 = Debug|x86
		{17E2678E-269E-4583-9CF9-92CF6709A14A}.Release|Any CPU.ActiveCfg = Release|x86
		{17E2678E-269E-4583-9CF9-92CF6709A14A}.Release|Mixed Platforms.ActiveCfg = Release|x86
		{17E2678E-269E-4583-9CF9-92CF6709A14A}.Release|Mixed Platforms.Build.0 = Release|x86
		{17E2678E-269E-4583-9CF9-92CF6709A14A}.Release|x86.ActiveCfg = Release|x86
		{17E2678E-269E-4583-9CF9-92CF6709A14A}.Release|x86.Build.0 = Release|x86
	EndGlobalSection
	GlobalSection(SolutionProperties) = preSolution
		HideSolutionNode = FALSE
	EndGlobalSection
EndGlobal
